
Microsoft Visual Studio Solution File, Format Version 12.00
# Visual Studio Version 17
VisualStudioVersion = 17.4.33122.133
MinimumVisualStudioVersion = 10.0.40219.1
Project("{FAE04EC0-301F-11D3-BF4B-00C04F79EFBC}") = "Class_Task", "Class_Task\Class_Task.csproj", "{CE29A744-04E9-46F6-9CB4-70D519999AD8}"
EndProject
Global
	GlobalSection(SolutionConfigurationPlatforms) = preSolution
		Debug|Any CPU = Debug|Any CPU
		Release|Any CPU = Release|Any CPU
	EndGlobalSection
	GlobalSection(ProjectConfigurationPlatforms) = postSolution
		{CE29A744-04E9-46F6-9CB4-70D519999AD8}.Debug|Any CPU.ActiveCfg = Debug|Any CPU
		{CE29A744-04E9-46F6-9CB4-70D519999AD8}.Debug|Any CPU.Build.0 = Debug|Any CPU
		{CE29A744-04E9-46F6-9CB4-70D519999AD8}.Release|Any CPU.ActiveCfg = Release|Any CPU
		{CE29A744-04E9-46F6-9CB4-70D519999AD8}.Release|Any CPU.Build.0 = Release|Any CPU
	EndGlobalSection
	GlobalSection(SolutionProperties) = preSolution
		HideSolutionNode = FALSE
	EndGlobalSection
	GlobalSection(ExtensibilityGlobals) = postSolution
		SolutionGuid = {EBE2886E-2ECE-463A-9EA6-887E57E3A82E}
	EndGlobalSection
EndGlobal
